
Microsoft Visual Studio Solution File, Format Version 12.00
# Visual Studio 15
VisualStudioVersion = 15.0.27004.2008
MinimumVisualStudioVersion = 10.0.40219.1
Project("{2150E333-8FDC-42A3-9474-1A3956D46DE8}") = "Solution Items", "Solution Items", "{5705B048-D74A-4451-8FB4-4C35B54C0D14}"
	ProjectSection(SolutionItems) = preProject
		Achievements.txt = Achievements.txt
	EndProjectSection
EndProject
Project("{D954291E-2A0B-460D-934E-DC6B0785DB48}") = "Languages", "Languages\Languages.shproj", "{594FDC40-26DC-4EDD-9C16-C79B3AD35E9D}"
EndProject
Project("{FAE04EC0-301F-11D3-BF4B-00C04F79EFBC}") = "WerewolfControl", "WerewolfControl\WerewolfControl.csproj", "{F2D299CD-68DB-4A67-B786-C486A4BCCEFC}"
EndProject
Project("{FAE04EC0-301F-11D3-BF4B-00C04F79EFBC}") = "WerewolfNode", "WerewolfNode\WerewolfNode.csproj", "{07443B36-6D32-4333-A857-C0CF906096FA}"
EndProject
Project("{FAE04EC0-301F-11D3-BF4B-00C04F79EFBC}") = "TcpFramework", "TcpFramework\TcpFramework.csproj", "{ACB86D9A-837C-4BB6-83FA-99FE4DC7D3E4}"
EndProject
Project("{FAE04EC0-301F-11D3-BF4B-00C04F79EFBC}") = "Telegram.Bot", "Telegram.Bot\Telegram.Bot.csproj", "{5436A4DF-7B54-41D3-855F-AD3F516AE377}"
EndProject
Project("{FAE04EC0-301F-11D3-BF4B-00C04F79EFBC}") = "RegistrySaver", "RegistrySaver\RegistrySaver.csproj", "{46778EC5-A29A-4CBC-BC65-1681382401A8}"
EndProject
Project("{FAE04EC0-301F-11D3-BF4B-00C04F79EFBC}") = "LanguageFileConverter", "LanguageFileConverter\LanguageFileConverter.csproj", "{FCD23604-BEC8-49E7-B879-AC885865E74D}"
EndProject
Project("{FAE04EC0-301F-11D3-BF4B-00C04F79EFBC}") = "Storage", "Storage\Storage.csproj", "{5881728C-CF06-47B9-BA19-89DB18590422}"
EndProject
Global
	GlobalSection(SharedMSBuildProjectFiles) = preSolution
		Languages\Languages.projitems*{594fdc40-26dc-4edd-9c16-c79b3ad35e9d}*SharedItemsImports = 13
		Languages\Languages.projitems*{f2d299cd-68db-4a67-b786-c486a4bccefc}*SharedItemsImports = 4
	EndGlobalSection
	GlobalSection(SolutionConfigurationPlatforms) = preSolution
		Beta|Any CPU = Beta|Any CPU
		Debug|Any CPU = Debug|Any CPU
		Release 2|Any CPU = Release 2|Any CPU
		Release|Any CPU = Release|Any CPU
	EndGlobalSection
	GlobalSection(ProjectConfigurationPlatforms) = postSolution
		{F2D299CD-68DB-4A67-B786-C486A4BCCEFC}.Beta|Any CPU.ActiveCfg = Beta|Any CPU
		{F2D299CD-68DB-4A67-B786-C486A4BCCEFC}.Beta|Any CPU.Build.0 = Beta|Any CPU
		{F2D299CD-68DB-4A67-B786-C486A4BCCEFC}.Debug|Any CPU.ActiveCfg = Debug|Any CPU
		{F2D299CD-68DB-4A67-B786-C486A4BCCEFC}.Debug|Any CPU.Build.0 = Debug|Any CPU
		{F2D299CD-68DB-4A67-B786-C486A4BCCEFC}.Release 2|Any CPU.ActiveCfg = Release 2|Any CPU
		{F2D299CD-68DB-4A67-B786-C486A4BCCEFC}.Release 2|Any CPU.Build.0 = Release 2|Any CPU
		{F2D299CD-68DB-4A67-B786-C486A4BCCEFC}.Release|Any CPU.ActiveCfg = Release|Any CPU
		{F2D299CD-68DB-4A67-B786-C486A4BCCEFC}.Release|Any CPU.Build.0 = Release|Any CPU
		{07443B36-6D32-4333-A857-C0CF906096FA}.Beta|Any CPU.ActiveCfg = Beta|Any CPU
		{07443B36-6D32-4333-A857-C0CF906096FA}.Beta|Any CPU.Build.0 = Beta|Any CPU
		{07443B36-6D32-4333-A857-C0CF906096FA}.Debug|Any CPU.ActiveCfg = Debug|Any CPU
		{07443B36-6D32-4333-A857-C0CF906096FA}.Debug|Any CPU.Build.0 = Debug|Any CPU
		{07443B36-6D32-4333-A857-C0CF906096FA}.Release 2|Any CPU.ActiveCfg = Release 2|Any CPU
		{07443B36-6D32-4333-A857-C0CF906096FA}.Release 2|Any CPU.Build.0 = Release 2|Any CPU
		{07443B36-6D32-4333-A857-C0CF906096FA}.Release|Any CPU.ActiveCfg = Release|Any CPU
		{07443B36-6D32-4333-A857-C0CF906096FA}.Release|Any CPU.Build.0 = Release|Any CPU
		{ACB86D9A-837C-4BB6-83FA-99FE4DC7D3E4}.Beta|Any CPU.ActiveCfg = Beta|Any CPU
		{ACB86D9A-837C-4BB6-83FA-99FE4DC7D3E4}.Beta|Any CPU.Build.0 = Beta|Any CPU
		{ACB86D9A-837C-4BB6-83FA-99FE4DC7D3E4}.Debug|Any CPU.ActiveCfg = Debug|Any CPU
		{ACB86D9A-837C-4BB6-83FA-99FE4DC7D3E4}.Debug|Any CPU.Build.0 = Debug|Any CPU
		{ACB86D9A-837C-4BB6-83FA-99FE4DC7D3E4}.Release 2|Any CPU.ActiveCfg = Release 2|Any CPU
		{ACB86D9A-837C-4BB6-83FA-99FE4DC7D3E4}.Release 2|Any CPU.Build.0 = Release 2|Any CPU
		{ACB86D9A-837C-4BB6-83FA-99FE4DC7D3E4}.Release|Any CPU.ActiveCfg = Release|Any CPU
		{ACB86D9A-837C-4BB6-83FA-99FE4DC7D3E4}.Release|Any CPU.Build.0 = Release|Any CPU
		{5436A4DF-7B54-41D3-855F-AD3F516AE377}.Beta|Any CPU.ActiveCfg = Beta|Any CPU
		{5436A4DF-7B54-41D3-855F-AD3F516AE377}.Beta|Any CPU.Build.0 = Beta|Any CPU
		{5436A4DF-7B54-41D3-855F-AD3F516AE377}.Debug|Any CPU.ActiveCfg = Debug|Any CPU
		{5436A4DF-7B54-41D3-855F-AD3F516AE377}.Debug|Any CPU.Build.0 = Debug|Any CPU
		{5436A4DF-7B54-41D3-855F-AD3F516AE377}.Release 2|Any CPU.ActiveCfg = Release|Any CPU
		{5436A4DF-7B54-41D3-855F-AD3F516AE377}.Release 2|Any CPU.Build.0 = Release|Any CPU
		{5436A4DF-7B54-41D3-855F-AD3F516AE377}.Release|Any CPU.ActiveCfg = Release|Any CPU
		{5436A4DF-7B54-41D3-855F-AD3F516AE377}.Release|Any CPU.Build.0 = Release|Any CPU
		{46778EC5-A29A-4CBC-BC65-1681382401A8}.Beta|Any CPU.ActiveCfg = Debug|Any CPU
		{46778EC5-A29A-4CBC-BC65-1681382401A8}.Beta|Any CPU.Build.0 = Debug|Any CPU
		{46778EC5-A29A-4CBC-BC65-1681382401A8}.Debug|Any CPU.ActiveCfg = Debug|Any CPU
		{46778EC5-A29A-4CBC-BC65-1681382401A8}.Debug|Any CPU.Build.0 = Debug|Any CPU
		{46778EC5-A29A-4CBC-BC65-1681382401A8}.Release 2|Any CPU.ActiveCfg = Debug|Any CPU
		{46778EC5-A29A-4CBC-BC65-1681382401A8}.Release 2|Any CPU.Build.0 = Debug|Any CPU
		{46778EC5-A29A-4CBC-BC65-1681382401A8}.Release|Any CPU.ActiveCfg = Release|Any CPU
		{46778EC5-A29A-4CBC-BC65-1681382401A8}.Release|Any CPU.Build.0 = Release|Any CPU
		{FCD23604-BEC8-49E7-B879-AC885865E74D}.Beta|Any CPU.ActiveCfg = Debug|Any CPU
		{FCD23604-BEC8-49E7-B879-AC885865E74D}.Beta|Any CPU.Build.0 = Debug|Any CPU
		{FCD23604-BEC8-49E7-B879-AC885865E74D}.Debug|Any CPU.ActiveCfg = Debug|Any CPU
		{FCD23604-BEC8-49E7-B879-AC885865E74D}.Debug|Any CPU.Build.0 = Debug|Any CPU
		{FCD23604-BEC8-49E7-B879-AC885865E74D}.Release 2|Any CPU.ActiveCfg = Debug|Any CPU
		{FCD23604-BEC8-49E7-B879-AC885865E74D}.Release 2|Any CPU.Build.0 = Debug|Any CPU
		{FCD23604-BEC8-49E7-B879-AC885865E74D}.Release|Any CPU.ActiveCfg = Release|Any CPU
		{FCD23604-BEC8-49E7-B879-AC885865E74D}.Release|Any CPU.Build.0 = Release|Any CPU
		{5881728C-CF06-47B9-BA19-89DB18590422}.Beta|Any CPU.ActiveCfg = Release|Any CPU
		{5881728C-CF06-47B9-BA19-89DB18590422}.Beta|Any CPU.Build.0 = Release|Any CPU
		{5881728C-CF06-47B9-BA19-89DB18590422}.Debug|Any CPU.ActiveCfg = Debug|Any CPU
		{5881728C-CF06-47B9-BA19-89DB18590422}.Debug|Any CPU.Build.0 = Debug|Any CPU
		{5881728C-CF06-47B9-BA19-89DB18590422}.Release 2|Any CPU.ActiveCfg = Release|Any CPU
		{5881728C-CF06-47B9-BA19-89DB18590422}.Release 2|Any CPU.Build.0 = Release|Any CPU
		{5881728C-CF06-47B9-BA19-89DB18590422}.Release|Any CPU.ActiveCfg = Release|Any CPU
		{5881728C-CF06-47B9-BA19-89DB18590422}.Release|Any CPU.Build.0 = Release|Any CPU
	EndGlobalSection
	GlobalSection(SolutionProperties) = preSolution
		HideSolutionNode = FALSE
	EndGlobalSection
	GlobalSection(ExtensibilityGlobals) = postSolution
		SolutionGuid = {EE23D14F-8D3C-4ED8-840F-629B673F0544}
	EndGlobalSection
EndGlobal
